
Microsoft Visual Studio Solution File, Format Version 12.00
# Visual Studio 2013
VisualStudioVersion = 12.0.30501.0
MinimumVisualStudioVersion = 10.0.40219.1
Project("{FAE04EC0-301F-11D3-BF4B-00C04F79EFBC}") = "MSGorilla", "MSGorilla\MSGorilla.csproj", "{47634D5A-C567-4EDB-963E-A0F9B79F27E2}"
EndProject
Project("{FAE04EC0-301F-11D3-BF4B-00C04F79EFBC}") = "MSGorilla.Library", "MSGorilla.Library\MSGorilla.Library.csproj", "{AD407F7A-F82C-4C44-98F9-C2145A5F4A50}"
EndProject
Project("{FAE04EC0-301F-11D3-BF4B-00C04F79EFBC}") = "MSGorilla.Woker", "MSGorilla.Woker\MSGorilla.Woker.csproj", "{A054E07C-849A-44A4-9300-FF892E2F4479}"
EndProject
Project("{FAE04EC0-301F-11D3-BF4B-00C04F79EFBC}") = "CodeFlowMonitor", "CodeFlowMonitor\CodeFlowMonitor.csproj", "{8B67E716-4250-479C-BD18-C2931556B0BC}"
EndProject
Project("{FAE04EC0-301F-11D3-BF4B-00C04F79EFBC}") = "MSGorilla.WebAPIClient", "MSGorillaWebAPIClient\MSGorilla.WebAPIClient.csproj", "{9B379A6D-8342-4B10-9F92-739FDA720BA8}"
EndProject
Project("{2150E333-8FDC-42A3-9474-1A3956D46DE8}") = "Robots", "Robots", "{4AB4CA94-1356-49A3-8CCD-B6B41C0280F1}"
EndProject
Project("{FAE04EC0-301F-11D3-BF4B-00C04F79EFBC}") = "TFSMonitor", "Robots\WossTFSMonitor\TFSMonitor\TFSMonitor.csproj", "{026E8141-737D-4CFE-9AAC-C0F9B62E6A29}"
EndProject
Project("{FAE04EC0-301F-11D3-BF4B-00C04F79EFBC}") = "MSGorilla.Desktop", "MSGorilla.Desktop\MSGorilla.Desktop.csproj", "{516BD150-2AA8-480F-AB36-74D6B3E3DFB3}"
EndProject
Project("{CC5FD16D-436D-48AD-A40C-5A424C6E3E79}") = "MSGorilla.Azure", "MSGorilla.Azure\MSGorilla.Azure.ccproj", "{EDD1F231-0E54-4449-A9EE-0EDD51B33EBF}"
EndProject
Project("{FAE04EC0-301F-11D3-BF4B-00C04F79EFBC}") = "MSGorilla.StatusReporter", "Robots\MSGorilla.StatusReporter\MSGorilla.StatusReporter.csproj", "{1C1B176A-EA93-4840-B658-9B1B8FB0C483}"
EndProject
Project("{FAE04EC0-301F-11D3-BF4B-00C04F79EFBC}") = "EmailMonitor", "Robots\EmailMonitor\EmailMonitor.csproj", "{CD53861C-C74A-48B6-8349-63314CFC26B1}"
EndProject
Project("{2150E333-8FDC-42A3-9474-1A3956D46DE8}") = "Utilities", "Utilities", "{91E68305-6459-4BB4-87D0-4E5A42ACDFED}"
EndProject
Project("{2150E333-8FDC-42A3-9474-1A3956D46DE8}") = "Libraries", "Libraries", "{94440E61-6FD0-4124-AE55-02DE73EF2613}"
EndProject
Project("{FAE04EC0-301F-11D3-BF4B-00C04F79EFBC}") = "MSGorilla.SearchEngine", "MSGorilla.SearchEngine\MSGorilla.SearchEngine.csproj", "{E6E93222-7D5F-422F-8DFE-D0FDBA190AE8}"
EndProject
Project("{FAE04EC0-301F-11D3-BF4B-00C04F79EFBC}") = "MSGorilla.Spider", "MSGorilla.Spider\MSGorilla.Spider.csproj", "{937FBB53-0920-4E15-B201-394699879A87}"
EndProject
Global
	GlobalSection(SolutionConfigurationPlatforms) = preSolution
		Debug|Any CPU = Debug|Any CPU
		Debug|Mixed Platforms = Debug|Mixed Platforms
		Debug|Win32 = Debug|Win32
		Release|Any CPU = Release|Any CPU
		Release|Mixed Platforms = Release|Mixed Platforms
		Release|Win32 = Release|Win32
	EndGlobalSection
	GlobalSection(ProjectConfigurationPlatforms) = postSolution
		{47634D5A-C567-4EDB-963E-A0F9B79F27E2}.Debug|Any CPU.ActiveCfg = Debug|Any CPU
		{47634D5A-C567-4EDB-963E-A0F9B79F27E2}.Debug|Any CPU.Build.0 = Debug|Any CPU
		{47634D5A-C567-4EDB-963E-A0F9B79F27E2}.Debug|Mixed Platforms.ActiveCfg = Debug|Any CPU
		{47634D5A-C567-4EDB-963E-A0F9B79F27E2}.Debug|Mixed Platforms.Build.0 = Debug|Any CPU
		{47634D5A-C567-4EDB-963E-A0F9B79F27E2}.Debug|Win32.ActiveCfg = Debug|Any CPU
		{47634D5A-C567-4EDB-963E-A0F9B79F27E2}.Release|Any CPU.ActiveCfg = Release|Any CPU
		{47634D5A-C567-4EDB-963E-A0F9B79F27E2}.Release|Any CPU.Build.0 = Release|Any CPU
		{47634D5A-C567-4EDB-963E-A0F9B79F27E2}.Release|Mixed Platforms.ActiveCfg = Release|Any CPU
		{47634D5A-C567-4EDB-963E-A0F9B79F27E2}.Release|Mixed Platforms.Build.0 = Release|Any CPU
		{47634D5A-C567-4EDB-963E-A0F9B79F27E2}.Release|Win32.ActiveCfg = Release|Any CPU
		{AD407F7A-F82C-4C44-98F9-C2145A5F4A50}.Debug|Any CPU.ActiveCfg = Debug|Any CPU
		{AD407F7A-F82C-4C44-98F9-C2145A5F4A50}.Debug|Any CPU.Build.0 = Debug|Any CPU
		{AD407F7A-F82C-4C44-98F9-C2145A5F4A50}.Debug|Mixed Platforms.ActiveCfg = Debug|Any CPU
		{AD407F7A-F82C-4C44-98F9-C2145A5F4A50}.Debug|Mixed Platforms.Build.0 = Debug|Any CPU
		{AD407F7A-F82C-4C44-98F9-C2145A5F4A50}.Debug|Win32.ActiveCfg = Debug|Any CPU
		{AD407F7A-F82C-4C44-98F9-C2145A5F4A50}.Release|Any CPU.ActiveCfg = Release|Any CPU
		{AD407F7A-F82C-4C44-98F9-C2145A5F4A50}.Release|Any CPU.Build.0 = Release|Any CPU
		{AD407F7A-F82C-4C44-98F9-C2145A5F4A50}.Release|Mixed Platforms.ActiveCfg = Release|Any CPU
		{AD407F7A-F82C-4C44-98F9-C2145A5F4A50}.Release|Mixed Platforms.Build.0 = Release|Any CPU
		{AD407F7A-F82C-4C44-98F9-C2145A5F4A50}.Release|Win32.ActiveCfg = Release|Any CPU
		{A054E07C-849A-44A4-9300-FF892E2F4479}.Debug|Any CPU.ActiveCfg = Debug|Any CPU
		{A054E07C-849A-44A4-9300-FF892E2F4479}.Debug|Any CPU.Build.0 = Debug|Any CPU
		{A054E07C-849A-44A4-9300-FF892E2F4479}.Debug|Mixed Platforms.ActiveCfg = Debug|Any CPU
		{A054E07C-849A-44A4-9300-FF892E2F4479}.Debug|Mixed Platforms.Build.0 = Debug|Any CPU
		{A054E07C-849A-44A4-9300-FF892E2F4479}.Debug|Win32.ActiveCfg = Debug|Any CPU
		{A054E07C-849A-44A4-9300-FF892E2F4479}.Release|Any CPU.ActiveCfg = Release|Any CPU
		{A054E07C-849A-44A4-9300-FF892E2F4479}.Release|Any CPU.Build.0 = Release|Any CPU
		{A054E07C-849A-44A4-9300-FF892E2F4479}.Release|Mixed Platforms.ActiveCfg = Release|Any CPU
		{A054E07C-849A-44A4-9300-FF892E2F4479}.Release|Mixed Platforms.Build.0 = Release|Any CPU
		{A054E07C-849A-44A4-9300-FF892E2F4479}.Release|Win32.ActiveCfg = Release|Any CPU
		{8B67E716-4250-479C-BD18-C2931556B0BC}.Debug|Any CPU.ActiveCfg = Debug|Any CPU
		{8B67E716-4250-479C-BD18-C2931556B0BC}.Debug|Any CPU.Build.0 = Debug|Any CPU
		{8B67E716-4250-479C-BD18-C2931556B0BC}.Debug|Mixed Platforms.ActiveCfg = Debug|Any CPU
		{8B67E716-4250-479C-BD18-C2931556B0BC}.Debug|Mixed Platforms.Build.0 = Debug|Any CPU
		{8B67E716-4250-479C-BD18-C2931556B0BC}.Debug|Win32.ActiveCfg = Debug|Any CPU
		{8B67E716-4250-479C-BD18-C2931556B0BC}.Release|Any CPU.ActiveCfg = Release|Any CPU
		{8B67E716-4250-479C-BD18-C2931556B0BC}.Release|Any CPU.Build.0 = Release|Any CPU
		{8B67E716-4250-479C-BD18-C2931556B0BC}.Release|Mixed Platforms.ActiveCfg = Release|Any CPU
		{8B67E716-4250-479C-BD18-C2931556B0BC}.Release|Mixed Platforms.Build.0 = Release|Any CPU
		{8B67E716-4250-479C-BD18-C2931556B0BC}.Release|Win32.ActiveCfg = Release|Any CPU
		{9B379A6D-8342-4B10-9F92-739FDA720BA8}.Debug|Any CPU.ActiveCfg = Debug|Any CPU
		{9B379A6D-8342-4B10-9F92-739FDA720BA8}.Debug|Any CPU.Build.0 = Debug|Any CPU
		{9B379A6D-8342-4B10-9F92-739FDA720BA8}.Debug|Mixed Platforms.ActiveCfg = Debug|Any CPU
		{9B379A6D-8342-4B10-9F92-739FDA720BA8}.Debug|Mixed Platforms.Build.0 = Debug|Any CPU
		{9B379A6D-8342-4B10-9F92-739FDA720BA8}.Debug|Win32.ActiveCfg = Debug|Any CPU
		{9B379A6D-8342-4B10-9F92-739FDA720BA8}.Release|Any CPU.ActiveCfg = Release|Any CPU
		{9B379A6D-8342-4B10-9F92-739FDA720BA8}.Release|Any CPU.Build.0 = Release|Any CPU
		{9B379A6D-8342-4B10-9F92-739FDA720BA8}.Release|Mixed Platforms.ActiveCfg = Release|Any CPU
		{9B379A6D-8342-4B10-9F92-739FDA720BA8}.Release|Mixed Platforms.Build.0 = Release|Any CPU
		{9B379A6D-8342-4B10-9F92-739FDA720BA8}.Release|Win32.ActiveCfg = Release|Any CPU
		{026E8141-737D-4CFE-9AAC-C0F9B62E6A29}.Debug|Any CPU.ActiveCfg = Debug|Any CPU
		{026E8141-737D-4CFE-9AAC-C0F9B62E6A29}.Debug|Any CPU.Build.0 = Debug|Any CPU
		{026E8141-737D-4CFE-9AAC-C0F9B62E6A29}.Debug|Mixed Platforms.ActiveCfg = Debug|Any CPU
		{026E8141-737D-4CFE-9AAC-C0F9B62E6A29}.Debug|Mixed Platforms.Build.0 = Debug|Any CPU
		{026E8141-737D-4CFE-9AAC-C0F9B62E6A29}.Debug|Win32.ActiveCfg = Debug|Any CPU
		{026E8141-737D-4CFE-9AAC-C0F9B62E6A29}.Release|Any CPU.ActiveCfg = Release|Any CPU
		{026E8141-737D-4CFE-9AAC-C0F9B62E6A29}.Release|Any CPU.Build.0 = Release|Any CPU
		{026E8141-737D-4CFE-9AAC-C0F9B62E6A29}.Release|Mixed Platforms.ActiveCfg = Release|Any CPU
		{026E8141-737D-4CFE-9AAC-C0F9B62E6A29}.Release|Mixed Platforms.Build.0 = Release|Any CPU
		{026E8141-737D-4CFE-9AAC-C0F9B62E6A29}.Release|Win32.ActiveCfg = Release|Any CPU
		{516BD150-2AA8-480F-AB36-74D6B3E3DFB3}.Debug|Any CPU.ActiveCfg = Debug|Any CPU
		{516BD150-2AA8-480F-AB36-74D6B3E3DFB3}.Debug|Any CPU.Build.0 = Debug|Any CPU
		{516BD150-2AA8-480F-AB36-74D6B3E3DFB3}.Debug|Mixed Platforms.ActiveCfg = Debug|Any CPU
		{516BD150-2AA8-480F-AB36-74D6B3E3DFB3}.Debug|Mixed Platforms.Build.0 = Debug|Any CPU
		{516BD150-2AA8-480F-AB36-74D6B3E3DFB3}.Debug|Win32.ActiveCfg = Debug|Any CPU
		{516BD150-2AA8-480F-AB36-74D6B3E3DFB3}.Release|Any CPU.ActiveCfg = Release|Any CPU
		{516BD150-2AA8-480F-AB36-74D6B3E3DFB3}.Release|Any CPU.Build.0 = Release|Any CPU
		{516BD150-2AA8-480F-AB36-74D6B3E3DFB3}.Release|Mixed Platforms.ActiveCfg = Release|Any CPU
		{516BD150-2AA8-480F-AB36-74D6B3E3DFB3}.Release|Mixed Platforms.Build.0 = Release|Any CPU
		{516BD150-2AA8-480F-AB36-74D6B3E3DFB3}.Release|Win32.ActiveCfg = Release|Any CPU
		{EDD1F231-0E54-4449-A9EE-0EDD51B33EBF}.Debug|Any CPU.ActiveCfg = Debug|Any CPU
		{EDD1F231-0E54-4449-A9EE-0EDD51B33EBF}.Debug|Any CPU.Build.0 = Debug|Any CPU
		{EDD1F231-0E54-4449-A9EE-0EDD51B33EBF}.Debug|Mixed Platforms.ActiveCfg = Debug|Any CPU
		{EDD1F231-0E54-4449-A9EE-0EDD51B33EBF}.Debug|Mixed Platforms.Build.0 = Debug|Any CPU
		{EDD1F231-0E54-4449-A9EE-0EDD51B33EBF}.Debug|Win32.ActiveCfg = Debug|Any CPU
		{EDD1F231-0E54-4449-A9EE-0EDD51B33EBF}.Release|Any CPU.ActiveCfg = Release|Any CPU
		{EDD1F231-0E54-4449-A9EE-0EDD51B33EBF}.Release|Any CPU.Build.0 = Release|Any CPU
		{EDD1F231-0E54-4449-A9EE-0EDD51B33EBF}.Release|Mixed Platforms.ActiveCfg = Release|Any CPU
		{EDD1F231-0E54-4449-A9EE-0EDD51B33EBF}.Release|Mixed Platforms.Build.0 = Release|Any CPU
		{EDD1F231-0E54-4449-A9EE-0EDD51B33EBF}.Release|Win32.ActiveCfg = Release|Any CPU
		{1C1B176A-EA93-4840-B658-9B1B8FB0C483}.Debug|Any CPU.ActiveCfg = Debug|Any CPU
		{1C1B176A-EA93-4840-B658-9B1B8FB0C483}.Debug|Any CPU.Build.0 = Debug|Any CPU
		{1C1B176A-EA93-4840-B658-9B1B8FB0C483}.Debug|Mixed Platforms.ActiveCfg = Debug|Any CPU
		{1C1B176A-EA93-4840-B658-9B1B8FB0C483}.Debug|Mixed Platforms.Build.0 = Debug|Any CPU
		{1C1B176A-EA93-4840-B658-9B1B8FB0C483}.Debug|Win32.ActiveCfg = Debug|Any CPU
		{1C1B176A-EA93-4840-B658-9B1B8FB0C483}.Release|Any CPU.ActiveCfg = Release|Any CPU
		{1C1B176A-EA93-4840-B658-9B1B8FB0C483}.Release|Any CPU.Build.0 = Release|Any CPU
		{1C1B176A-EA93-4840-B658-9B1B8FB0C483}.Release|Mixed Platforms.ActiveCfg = Release|Any CPU
		{1C1B176A-EA93-4840-B658-9B1B8FB0C483}.Release|Mixed Platforms.Build.0 = Release|Any CPU
		{1C1B176A-EA93-4840-B658-9B1B8FB0C483}.Release|Win32.ActiveCfg = Release|Any CPU
		{CD53861C-C74A-48B6-8349-63314CFC26B1}.Debug|Any CPU.ActiveCfg = Debug|Any CPU
		{CD53861C-C74A-48B6-8349-63314CFC26B1}.Debug|Any CPU.Build.0 = Debug|Any CPU
		{CD53861C-C74A-48B6-8349-63314CFC26B1}.Debug|Mixed Platforms.ActiveCfg = Debug|Any CPU
		{CD53861C-C74A-48B6-8349-63314CFC26B1}.Debug|Mixed Platforms.Build.0 = Debug|Any CPU
		{CD53861C-C74A-48B6-8349-63314CFC26B1}.Debug|Win32.ActiveCfg = Debug|Any CPU
		{CD53861C-C74A-48B6-8349-63314CFC26B1}.Release|Any CPU.ActiveCfg = Release|Any CPU
		{CD53861C-C74A-48B6-8349-63314CFC26B1}.Release|Any CPU.Build.0 = Release|Any CPU
		{CD53861C-C74A-48B6-8349-63314CFC26B1}.Release|Mixed Platforms.ActiveCfg = Release|Any CPU
		{CD53861C-C74A-48B6-8349-63314CFC26B1}.Release|Mixed Platforms.Build.0 = Release|Any CPU
		{CD53861C-C74A-48B6-8349-63314CFC26B1}.Release|Win32.ActiveCfg = Release|Any CPU
		{E6E93222-7D5F-422F-8DFE-D0FDBA190AE8}.Debug|Any CPU.ActiveCfg = Debug|Any CPU
		{E6E93222-7D5F-422F-8DFE-D0FDBA190AE8}.Debug|Any CPU.Build.0 = Debug|Any CPU
		{E6E93222-7D5F-422F-8DFE-D0FDBA190AE8}.Debug|Mixed Platforms.ActiveCfg = Debug|Any CPU
		{E6E93222-7D5F-422F-8DFE-D0FDBA190AE8}.Debug|Mixed Platforms.Build.0 = Debug|Any CPU
		{E6E93222-7D5F-422F-8DFE-D0FDBA190AE8}.Debug|Win32.ActiveCfg = Debug|Any CPU
		{E6E93222-7D5F-422F-8DFE-D0FDBA190AE8}.Release|Any CPU.ActiveCfg = Release|Any CPU
		{E6E93222-7D5F-422F-8DFE-D0FDBA190AE8}.Release|Any CPU.Build.0 = Release|Any CPU
		{E6E93222-7D5F-422F-8DFE-D0FDBA190AE8}.Release|Mixed Platforms.ActiveCfg = Release|Any CPU
		{E6E93222-7D5F-422F-8DFE-D0FDBA190AE8}.Release|Mixed Platforms.Build.0 = Release|Any CPU
		{E6E93222-7D5F-422F-8DFE-D0FDBA190AE8}.Release|Win32.ActiveCfg = Release|Any CPU
		{937FBB53-0920-4E15-B201-394699879A87}.Debug|Any CPU.ActiveCfg = Debug|Any CPU
		{937FBB53-0920-4E15-B201-394699879A87}.Debug|Any CPU.Build.0 = Debug|Any CPU
		{937FBB53-0920-4E15-B201-394699879A87}.Debug|Mixed Platforms.ActiveCfg = Debug|Any CPU
		{937FBB53-0920-4E15-B201-394699879A87}.Debug|Mixed Platforms.Build.0 = Debug|Any CPU
		{937FBB53-0920-4E15-B201-394699879A87}.Debug|Win32.ActiveCfg = Debug|Any CPU
		{937FBB53-0920-4E15-B201-394699879A87}.Release|Any CPU.ActiveCfg = Release|Any CPU
		{937FBB53-0920-4E15-B201-394699879A87}.Release|Any CPU.Build.0 = Release|Any CPU
		{937FBB53-0920-4E15-B201-394699879A87}.Release|Mixed Platforms.ActiveCfg = Release|Any CPU
		{937FBB53-0920-4E15-B201-394699879A87}.Release|Mixed Platforms.Build.0 = Release|Any CPU
		{937FBB53-0920-4E15-B201-394699879A87}.Release|Win32.ActiveCfg = Release|Any CPU
	EndGlobalSection
	GlobalSection(SolutionProperties) = preSolution
		HideSolutionNode = FALSE
	EndGlobalSection
	GlobalSection(NestedProjects) = preSolution
		{AD407F7A-F82C-4C44-98F9-C2145A5F4A50} = {94440E61-6FD0-4124-AE55-02DE73EF2613}
		{8B67E716-4250-479C-BD18-C2931556B0BC} = {4AB4CA94-1356-49A3-8CCD-B6B41C0280F1}
		{9B379A6D-8342-4B10-9F92-739FDA720BA8} = {91E68305-6459-4BB4-87D0-4E5A42ACDFED}
		{026E8141-737D-4CFE-9AAC-C0F9B62E6A29} = {4AB4CA94-1356-49A3-8CCD-B6B41C0280F1}
		{516BD150-2AA8-480F-AB36-74D6B3E3DFB3} = {91E68305-6459-4BB4-87D0-4E5A42ACDFED}
		{1C1B176A-EA93-4840-B658-9B1B8FB0C483} = {4AB4CA94-1356-49A3-8CCD-B6B41C0280F1}
		{CD53861C-C74A-48B6-8349-63314CFC26B1} = {4AB4CA94-1356-49A3-8CCD-B6B41C0280F1}
		{E6E93222-7D5F-422F-8DFE-D0FDBA190AE8} = {94440E61-6FD0-4124-AE55-02DE73EF2613}
	EndGlobalSection
EndGlobal
